gitlab.sikalabs.com/golang-training-brno/hello-world-ms v0.0.0-20230531075812-5a5782bfbbe9 h1:xWb6xS82CMvOLvBT3MJhA8BJHTQ7pNUm/mFGZrj7bAo=
gitlab.sikalabs.com/golang-training-brno/hello-world-ms v0.0.0-20230531075812-5a5782bfbbe9/go.mod h1:HNLdgXX/LJDHgHOngJS15Fe2xcio8Oj0dyAwmR7Ak2g=
gitlab.sikalabs.com/golang-training-brno/hello-world-ms v0.1.0 h1:EpQVGzFurXm5/MilOc6wMVtZJ+PydYZgveLQS4+lj14=
gitlab.sikalabs.com/golang-training-brno/hello-world-ms v0.1.0/go.mod h1:HNLdgXX/LJDHgHOngJS15Fe2xcio8Oj0dyAwmR7Ak2g=
